
Microsoft Visual Studio Solution File, Format Version 12.00
Project("{FAE04EC0-301F-11D3-BF4B-00C04F79EFBC}") = "PodcastManager.FeedUpdater", "PodcastManager.FeedUpdater\PodcastManager.FeedUpdater.csproj", "{EBE081E7-A8F3-4F07-B38A-7110E92B7286}"
EndProject
Project("{FAE04EC0-301F-11D3-BF4B-00C04F79EFBC}") = "PodcastManager.FeedUpdater.Tests", "PodcastManager.FeedUpdater.Tests\PodcastManager.FeedUpdater.Tests.csproj", "{80D04CDA-EAD9-41CC-ABD9-7E3EFB86F837}"
EndProject
Project("{2150E333-8FDC-42A3-9474-1A3956D46DE8}") = "Files", "Files", "{DC933DEE-BC95-4476-8B9B-CE0FF907AADF}"
	ProjectSection(SolutionItems) = preProject
		.github\workflows\buildNdeploy.yml = .github\workflows\buildNdeploy.yml
		docker-compose.yml = docker-compose.yml
	EndProjectSection
EndProject
Global
	GlobalSection(SolutionConfigurationPlatforms) = preSolution
		Debug|Any CPU = Debug|Any CPU
		Release|Any CPU = Release|Any CPU
	EndGlobalSection
	GlobalSection(ProjectConfigurationPlatforms) = postSolution
		{EBE081E7-A8F3-4F07-B38A-7110E92B7286}.Debug|Any CPU.ActiveCfg = Debug|Any CPU
		{EBE081E7-A8F3-4F07-B38A-7110E92B7286}.Debug|Any CPU.Build.0 = Debug|Any CPU
		{EBE081E7-A8F3-4F07-B38A-7110E92B7286}.Release|Any CPU.ActiveCfg = Release|Any CPU
		{EBE081E7-A8F3-4F07-B38A-7110E92B7286}.Release|Any CPU.Build.0 = Release|Any CPU
		{80D04CDA-EAD9-41CC-ABD9-7E3EFB86F837}.Debug|Any CPU.ActiveCfg = Debug|Any CPU
		{80D04CDA-EAD9-41CC-ABD9-7E3EFB86F837}.Debug|Any CPU.Build.0 = Debug|Any CPU
		{80D04CDA-EAD9-41CC-ABD9-7E3EFB86F837}.Release|Any CPU.ActiveCfg = Release|Any CPU
		{80D04CDA-EAD9-41CC-ABD9-7E3EFB86F837}.Release|Any CPU.Build.0 = Release|Any CPU
	EndGlobalSection
EndGlobal
